{
  "name": "lvgl-playground",
  "version": "1.0.0",
  "lockfileVersion": 3,
  "requires": true,
  "packages": {
    "": {
      "name": "lvgl-playground",
      "version": "1.0.0",
      "license": "MIT",
      "dependencies": {
        "studio-wasm-libs": "github:eez-open/studio-wasm-libs"
      }
    },
    "node_modules/studio-wasm-libs": {
      "version": "1.0.0",
      "resolved": "git+ssh://git@github.com/eez-open/studio-wasm-libs.git#ee98d933c5a9af348958f8c789edaacd3db64a64",
      "license": "MIT"
    }
  }
}
